{
  "pins" : [
    {
      "identity" : "accessibilityfocused",
      "kind" : "remoteSourceControl",
      "location" : "https://github.com/JulesMoorhouse/AccessibilityFocused",
      "state" : {
        "branch" : "iOS13-support",
        "revision" : "3e7883454ce76db23221097c7bd2dd35006e0f69"
      }
    }
  ],
  "version" : 2
}
