{
  "pins" : [
    {
      "identity" : "accessibilityfocused",
      "kind" : "remoteSourceControl",
      "location" : "https://github.com/JulesMoorhouse/AccessibilityFocused",
      "state" : {
        "branch" : "iOS13-support",
        "revision" : "d366cc176e4a0c0e528ea2b11e8d0bd10f390b29"
      }
    }
  ],
  "version" : 2
}
